// !$*UTF8*$!
{
	archiveVersion = 1;
	classes = {
	};
	objectVersion = 50;
	objects = {

/* Begin PBXBuildFile section */
		F1282B0E2559FCC10050043B /* Binding+Update.swift in Sources */ = {isa = PBXBuildFile; fileRef = F1282B0D2559FCC10050043B /* Binding+Update.swift */; };
		F142F0342522A75500EB0A20 /* AppDelegate.swift in Sources */ = {isa = PBXBuildFile; fileRef = F142F0332522A75500EB0A20 /* AppDelegate.swift */; };
		F142F0362522A75500EB0A20 /* SceneDelegate.swift in Sources */ = {isa = PBXBuildFile; fileRef = F142F0352522A75500EB0A20 /* SceneDelegate.swift */; };
		F142F0382522A75500EB0A20 /* ContentView.swift in Sources */ = {isa = PBXBuildFile; fileRef = F142F0372522A75500EB0A20 /* ContentView.swift */; };
		F142F03A2522A75600EB0A20 /* Assets.xcassets in Resources */ = {isa = PBXBuildFile; fileRef = F142F0392522A75600EB0A20 /* Assets.xcassets */; };
		F142F03D2522A75600EB0A20 /* Preview Assets.xcassets in Resources */ = {isa = PBXBuildFile; fileRef = F142F03C2522A75600EB0A20 /* Preview Assets.xcassets */; };
		F142F0402522A75600EB0A20 /* LaunchScreen.storyboard in Resources */ = {isa = PBXBuildFile; fileRef = F142F03E2522A75600EB0A20 /* LaunchScreen.storyboard */; };
		F142F0482525003B00EB0A20 /* TweakConfiguration.swift in Sources */ = {isa = PBXBuildFile; fileRef = F142F0472525003B00EB0A20 /* TweakConfiguration.swift */; };
		F142F04B2526C61400EB0A20 /* ProcessList.swift in Sources */ = {isa = PBXBuildFile; fileRef = F142F04A2526C61400EB0A20 /* ProcessList.swift */; };
		F1F0FD33253F6B77001F20EF /* DeviceInfo.swift in Sources */ = {isa = PBXBuildFile; fileRef = F1F0FD32253F6B77001F20EF /* DeviceInfo.swift */; };
/* End PBXBuildFile section */

/* Begin PBXFileReference section */
		F1282B0D2559FCC10050043B /* Binding+Update.swift */ = {isa = PBXFileReference; lastKnownFileType = sourcecode.swift; path = "Binding+Update.swift"; sourceTree = "<group>"; };
		F142F0302522A75500EB0A20 /* libhooker configurator.app */ = {isa = PBXFileReference; explicitFileType = wrapper.application; includeInIndex = 0; path = "libhooker configurator.app"; sourceTree = BUILT_PRODUCTS_DIR; };
		F142F0332522A75500EB0A20 /* AppDelegate.swift */ = {isa = PBXFileReference; lastKnownFileType = sourcecode.swift; path = AppDelegate.swift; sourceTree = "<group>"; };
		F142F0352522A75500EB0A20 /* SceneDelegate.swift */ = {isa = PBXFileReference; lastKnownFileType = sourcecode.swift; path = SceneDelegate.swift; sourceTree = "<group>"; };
		F142F0372522A75500EB0A20 /* ContentView.swift */ = {isa = PBXFileReference; lastKnownFileType = sourcecode.swift; path = ContentView.swift; sourceTree = "<group>"; };
		F142F0392522A75600EB0A20 /* Assets.xcassets */ = {isa = PBXFileReference; lastKnownFileType = folder.assetcatalog; path = Assets.xcassets; sourceTree = "<group>"; };
		F142F03C2522A75600EB0A20 /* Preview Assets.xcassets */ = {isa = PBXFileReference; lastKnownFileType = folder.assetcatalog; path = "Preview Assets.xcassets"; sourceTree = "<group>"; };
		F142F03F2522A75600EB0A20 /* Base */ = {isa = PBXFileReference; lastKnownFileType = file.storyboard; name = Base; path = Base.lproj/LaunchScreen.storyboard; sourceTree = "<group>"; };
		F142F0412522A75600EB0A20 /* Info.plist */ = {isa = PBXFileReference; lastKnownFileType = text.plist.xml; path = Info.plist; sourceTree = "<group>"; };
		F142F0472525003B00EB0A20 /* TweakConfiguration.swift */ = {isa = PBXFileReference; lastKnownFileType = sourcecode.swift; path = TweakConfiguration.swift; sourceTree = "<group>"; };
		F142F04A2526C61400EB0A20 /* ProcessList.swift */ = {isa = PBXFileReference; lastKnownFileType = sourcecode.swift; path = ProcessList.swift; sourceTree = "<group>"; };
		F1F0FD32253F6B77001F20EF /* DeviceInfo.swift */ = {isa = PBXFileReference; lastKnownFileType = sourcecode.swift; path = DeviceInfo.swift; sourceTree = "<group>"; };
/* End PBXFileReference section */

/* Begin PBXFrameworksBuildPhase section */
		F142F02D2522A75500EB0A20 /* Frameworks */ = {
			isa = PBXFrameworksBuildPhase;
			buildActionMask = 2147483647;
			files = (
			);
			runOnlyForDeploymentPostprocessing = 0;
		};
/* End PBXFrameworksBuildPhase section */

/* Begin PBXGroup section */
		F142F0272522A75500EB0A20 = {
			isa = PBXGroup;
			children = (
				F142F0322522A75500EB0A20 /* libhooker configurator */,
				F142F0312522A75500EB0A20 /* Products */,
			);
			sourceTree = "<group>";
		};
		F142F0312522A75500EB0A20 /* Products */ = {
			isa = PBXGroup;
			children = (
				F142F0302522A75500EB0A20 /* libhooker configurator.app */,
			);
			name = Products;
			sourceTree = "<group>";
		};
		F142F0322522A75500EB0A20 /* libhooker configurator */ = {
			isa = PBXGroup;
			children = (
				F1F0FD31253F6B6C001F20EF /* Configs */,
				F1F0FD30253F6B63001F20EF /* UI */,
				F142F0392522A75600EB0A20 /* Assets.xcassets */,
				F142F03E2522A75600EB0A20 /* LaunchScreen.storyboard */,
				F142F0412522A75600EB0A20 /* Info.plist */,
				F142F03B2522A75600EB0A20 /* Preview Content */,
			);
			path = "libhooker configurator";
			sourceTree = "<group>";
		};
		F142F03B2522A75600EB0A20 /* Preview Content */ = {
			isa = PBXGroup;
			children = (
				F142F03C2522A75600EB0A20 /* Preview Assets.xcassets */,
			);
			path = "Preview Content";
			sourceTree = "<group>";
		};
		F1F0FD30253F6B63001F20EF /* UI */ = {
			isa = PBXGroup;
			children = (
				F142F0332522A75500EB0A20 /* AppDelegate.swift */,
				F142F0352522A75500EB0A20 /* SceneDelegate.swift */,
				F142F0372522A75500EB0A20 /* ContentView.swift */,
				F142F0472525003B00EB0A20 /* TweakConfiguration.swift */,
				F142F04A2526C61400EB0A20 /* ProcessList.swift */,
				F1282B0D2559FCC10050043B /* Binding+Update.swift */,
			);
			path = UI;
			sourceTree = "<group>";
		};
		F1F0FD31253F6B6C001F20EF /* Configs */ = {
			isa = PBXGroup;
			children = (
				F1F0FD32253F6B77001F20EF /* DeviceInfo.swift */,
			);
			path = Configs;
			sourceTree = "<group>";
		};
/* End PBXGroup section */

/* Begin PBXNativeTarget section */
		F142F02F2522A75500EB0A20 /* libhooker configurator */ = {
			isa = PBXNativeTarget;
			buildConfigurationList = F142F0442522A75600EB0A20 /* Build configuration list for PBXNativeTarget "libhooker configurator" */;
			buildPhases = (
				F142F02C2522A75500EB0A20 /* Sources */,
				F142F02D2522A75500EB0A20 /* Frameworks */,
				F142F02E2522A75500EB0A20 /* Resources */,
				F1282B10255A02A30050043B /* ShellScript */,
			);
			buildRules = (
			);
			dependencies = (
			);
			name = "libhooker configurator";
			productName = "libhooker configurator";
			productReference = F142F0302522A75500EB0A20 /* libhooker configurator.app */;
			productType = "com.apple.product-type.application";
		};
/* End PBXNativeTarget section */

/* Begin PBXProject section */
		F142F0282522A75500EB0A20 /* Project object */ = {
			isa = PBXProject;
			attributes = {
				LastSwiftUpdateCheck = 1150;
				LastUpgradeCheck = 1150;
				ORGANIZATIONNAME = coolstar;
				TargetAttributes = {
					F142F02F2522A75500EB0A20 = {
						CreatedOnToolsVersion = 11.5;
					};
				};
			};
			buildConfigurationList = F142F02B2522A75500EB0A20 /* Build configuration list for PBXProject "libhooker configurator" */;
			compatibilityVersion = "Xcode 9.3";
			developmentRegion = en;
			hasScannedForEncodings = 0;
			knownRegions = (
				en,
				Base,
			);
			mainGroup = F142F0272522A75500EB0A20;
			productRefGroup = F142F0312522A75500EB0A20 /* Products */;
			projectDirPath = "";
			projectRoot = "";
			targets = (
				F142F02F2522A75500EB0A20 /* libhooker configurator */,
			);
		};
/* End PBXProject section */

/* Begin PBXResourcesBuildPhase section */
		F142F02E2522A75500EB0A20 /* Resources */ = {
			isa = PBXResourcesBuildPhase;
			buildActionMask = 2147483647;
			files = (
				F142F0402522A75600EB0A20 /* LaunchScreen.storyboard in Resources */,
				F142F03D2522A75600EB0A20 /* Preview Assets.xcassets in Resources */,
				F142F03A2522A75600EB0A20 /* Assets.xcassets in Resources */,
			);
			runOnlyForDeploymentPostprocessing = 0;
		};
/* End PBXResourcesBuildPhase section */

/* Begin PBXShellScriptBuildPhase section */
		F1282B10255A02A30050043B /* ShellScript */ = {
			isa = PBXShellScriptBuildPhase;
			buildActionMask = 2147483647;
			files = (
			);
			inputFileListPaths = (
			);
			inputPaths = (
			);
			outputFileListPaths = (
			);
			outputPaths = (
			);
			runOnlyForDeploymentPostprocessing = 0;
			shellPath = /bin/sh;
			shellScript = "if which swiftlint >/dev/null; then\n  swiftlint || true\nelse\n  echo \"warning: SwiftLint not installed, download from https://github.com/realm/SwiftLint\"\nfi\n";
		};
/* End PBXShellScriptBuildPhase section */

/* Begin PBXSourcesBuildPhase section */
		F142F02C2522A75500EB0A20 /* Sources */ = {
			isa = PBXSourcesBuildPhase;
			buildActionMask = 2147483647;
			files = (
				F142F04B2526C61400EB0A20 /* ProcessList.swift in Sources */,
				F1F0FD33253F6B77001F20EF /* DeviceInfo.swift in Sources */,
				F142F0342522A75500EB0A20 /* AppDelegate.swift in Sources */,
				F1282B0E2559FCC10050043B /* Binding+Update.swift in Sources */,
				F142F0362522A75500EB0A20 /* SceneDelegate.swift in Sources */,
				F142F0382522A75500EB0A20 /* ContentView.swift in Sources */,
				F142F0482525003B00EB0A20 /* TweakConfiguration.swift in Sources */,
			);
			runOnlyForDeploymentPostprocessing = 0;
		};
/* End PBXSourcesBuildPhase section */

/* Begin PBXVariantGroup section */
		F142F03E2522A75600EB0A20 /* LaunchScreen.storyboard */ = {
			isa = PBXVariantGroup;
			children = (
				F142F03F2522A75600EB0A20 /* Base */,
			);
			name = LaunchScreen.storyboard;
			sourceTree = "<group>";
		};
/* End PBXVariantGroup section */

/* Begin XCBuildConfiguration section */
		F142F0422522A75600EB0A20 /* Debug */ = {
			isa = XCBuildConfiguration;
			buildSettings = {
				ALWAYS_SEARCH_USER_PATHS = NO;
				CLANG_ANALYZER_NONNULL = YES;
				CLANG_ANALYZER_NUMBER_OBJECT_CONVERSION = YES_AGGRESSIVE;
				CLANG_CXX_LANGUAGE_STANDARD = "gnu++14";
				CLANG_CXX_LIBRARY = "libc++";
				CLANG_ENABLE_MODULES = YES;
				CLANG_ENABLE_OBJC_ARC = YES;
				CLANG_ENABLE_OBJC_WEAK = YES;
				CLANG_WARN_BLOCK_CAPTURE_AUTORELEASING = YES;
				CLANG_WARN_BOOL_CONVERSION = YES;
				CLANG_WARN_COMMA = YES;
				CLANG_WARN_CONSTANT_CONVERSION = YES;
				CLANG_WARN_DEPRECATED_OBJC_IMPLEMENTATIONS = YES;
				CLANG_WARN_DIRECT_OBJC_ISA_USAGE = YES_ERROR;
				CLANG_WARN_DOCUMENTATION_COMMENTS = YES;
				CLANG_WARN_EMPTY_BODY = YES;
				CLANG_WARN_ENUM_CONVERSION = YES;
				CLANG_WARN_INFINITE_RECURSION = YES;
				CLANG_WARN_INT_CONVERSION = YES;
				CLANG_WARN_NON_LITERAL_NULL_CONVERSION = YES;
				CLANG_WARN_OBJC_IMPLICIT_RETAIN_SELF = YES;
				CLANG_WARN_OBJC_LITERAL_CONVERSION = YES;
				CLANG_WARN_OBJC_ROOT_CLASS = YES_ERROR;
				CLANG_WARN_RANGE_LOOP_ANALYSIS = YES;
				CLANG_WARN_STRICT_PROTOTYPES = YES;
				CLANG_WARN_SUSPICIOUS_MOVE = YES;
				CLANG_WARN_UNGUARDED_AVAILABILITY = YES_AGGRESSIVE;
				CLANG_WARN_UNREACHABLE_CODE = YES;
				CLANG_WARN__DUPLICATE_METHOD_MATCH = YES;
				COPY_PHASE_STRIP = NO;
				DEBUG_INFORMATION_FORMAT = dwarf;
				ENABLE_STRICT_OBJC_MSGSEND = YES;
				ENABLE_TESTABILITY = YES;
				GCC_C_LANGUAGE_STANDARD = gnu11;
				GCC_DYNAMIC_NO_PIC = NO;
				GCC_NO_COMMON_BLOCKS = YES;
				GCC_OPTIMIZATION_LEVEL = 0;
				GCC_PREPROCESSOR_DEFINITIONS = (
					"DEBUG=1",
					"$(inherited)",
				);
				GCC_WARN_64_TO_32_BIT_CONVERSION = YES;
				GCC_WARN_ABOUT_RETURN_TYPE = YES_ERROR;
				GCC_WARN_UNDECLARED_SELECTOR = YES;
				GCC_WARN_UNINITIALIZED_AUTOS = YES_AGGRESSIVE;
				GCC_WARN_UNUSED_FUNCTION = YES;
				GCC_WARN_UNUSED_VARIABLE = YES;
				IPHONEOS_DEPLOYMENT_TARGET = 13.5;
				MTL_ENABLE_DEBUG_INFO = INCLUDE_SOURCE;
				MTL_FAST_MATH = YES;
				ONLY_ACTIVE_ARCH = YES;
				SDKROOT = iphoneos;
				SWIFT_ACTIVE_COMPILATION_CONDITIONS = DEBUG;
				SWIFT_OPTIMIZATION_LEVEL = "-Onone";
			};
			name = Debug;
		};
		F142F0432522A75600EB0A20 /* Release */ = {
			isa = XCBuildConfiguration;
			buildSettings = {
				ALWAYS_SEARCH_USER_PATHS = NO;
				CLANG_ANALYZER_NONNULL = YES;
				CLANG_ANALYZER_NUMBER_OBJECT_CONVERSION = YES_AGGRESSIVE;
				CLANG_CXX_LANGUAGE_STANDARD = "gnu++14";
				CLANG_CXX_LIBRARY = "libc++";
				CLANG_ENABLE_MODULES = YES;
				CLANG_ENABLE_OBJC_ARC = YES;
				CLANG_ENABLE_OBJC_WEAK = YES;
				CLANG_WARN_BLOCK_CAPTURE_AUTORELEASING = YES;
				CLANG_WARN_BOOL_CONVERSION = YES;
				CLANG_WARN_COMMA = YES;
				CLANG_WARN_CONSTANT_CONVERSION = YES;
				CLANG_WARN_DEPRECATED_OBJC_IMPLEMENTATIONS = YES;
				CLANG_WARN_DIRECT_OBJC_ISA_USAGE = YES_ERROR;
				CLANG_WARN_DOCUMENTATION_COMMENTS = YES;
				CLANG_WARN_EMPTY_BODY = YES;
				CLANG_WARN_ENUM_CONVERSION = YES;
				CLANG_WARN_INFINITE_RECURSION = YES;
				CLANG_WARN_INT_CONVERSION = YES;
				CLANG_WARN_NON_LITERAL_NULL_CONVERSION = YES;
				CLANG_WARN_OBJC_IMPLICIT_RETAIN_SELF = YES;
				CLANG_WARN_OBJC_LITERAL_CONVERSION = YES;
				CLANG_WARN_OBJC_ROOT_CLASS = YES_ERROR;
				CLANG_WARN_RANGE_LOOP_ANALYSIS = YES;
				CLANG_WARN_STRICT_PROTOTYPES = YES;
				CLANG_WARN_SUSPICIOUS_MOVE = YES;
				CLANG_WARN_UNGUARDED_AVAILABILITY = YES_AGGRESSIVE;
				CLANG_WARN_UNREACHABLE_CODE = YES;
				CLANG_WARN__DUPLICATE_METHOD_MATCH = YES;
				COPY_PHASE_STRIP = NO;
				DEBUG_INFORMATION_FORMAT = "dwarf-with-dsym";
				ENABLE_NS_ASSERTIONS = NO;
				ENABLE_STRICT_OBJC_MSGSEND = YES;
				GCC_C_LANGUAGE_STANDARD = gnu11;
				GCC_NO_COMMON_BLOCKS = YES;
				GCC_WARN_64_TO_32_BIT_CONVERSION = YES;
				GCC_WARN_ABOUT_RETURN_TYPE = YES_ERROR;
				GCC_WARN_UNDECLARED_SELECTOR = YES;
				GCC_WARN_UNINITIALIZED_AUTOS = YES_AGGRESSIVE;
				GCC_WARN_UNUSED_FUNCTION = YES;
				GCC_WARN_UNUSED_VARIABLE = YES;
				IPHONEOS_DEPLOYMENT_TARGET = 13.5;
				MTL_ENABLE_DEBUG_INFO = NO;
				MTL_FAST_MATH = YES;
				SDKROOT = iphoneos;
				SWIFT_COMPILATION_MODE = wholemodule;
				SWIFT_OPTIMIZATION_LEVEL = "-O";
				VALIDATE_PRODUCT = YES;
			};
			name = Release;
		};
		F142F0452522A75600EB0A20 /* Debug */ = {
			isa = XCBuildConfiguration;
			buildSettings = {
				ASSETCATALOG_COMPILER_APPICON_NAME = AppIcon;
				CODE_SIGN_STYLE = Automatic;
				DEVELOPMENT_ASSET_PATHS = "\"libhooker configurator/Preview Content\"";
				ENABLE_PREVIEWS = YES;
				INFOPLIST_FILE = "libhooker configurator/Info.plist";
				IPHONEOS_DEPLOYMENT_TARGET = 13.0;
				LD_RUNPATH_SEARCH_PATHS = (
					"$(inherited)",
					"@executable_path/Frameworks",
				);
				PRODUCT_BUNDLE_IDENTIFIER = "org.coolstar.libhooker-configurator";
				PRODUCT_NAME = "$(TARGET_NAME)";
				SWIFT_VERSION = 5.0;
				TARGETED_DEVICE_FAMILY = "1,2";
			};
			name = Debug;
		};
		F142F0462522A75600EB0A20 /* Release */ = {
			isa = XCBuildConfiguration;
			buildSettings = {
				ASSETCATALOG_COMPILER_APPICON_NAME = AppIcon;
				CODE_SIGN_STYLE = Automatic;
				DEVELOPMENT_ASSET_PATHS = "\"libhooker configurator/Preview Content\"";
				ENABLE_PREVIEWS = YES;
				INFOPLIST_FILE = "libhooker configurator/Info.plist";
				IPHONEOS_DEPLOYMENT_TARGET = 13.0;
				LD_RUNPATH_SEARCH_PATHS = (
					"$(inherited)",
					"@executable_path/Frameworks",
				);
				PRODUCT_BUNDLE_IDENTIFIER = "org.coolstar.libhooker-configurator";
				PRODUCT_NAME = "$(TARGET_NAME)";
				SWIFT_VERSION = 5.0;
				TARGETED_DEVICE_FAMILY = "1,2";
			};
			name = Release;
		};
/* End XCBuildConfiguration section */

/* Begin XCConfigurationList section */
		F142F02B2522A75500EB0A20 /* Build configuration list for PBXProject "libhooker configurator" */ = {
			isa = XCConfigurationList;
			buildConfigurations = (
				F142F0422522A75600EB0A20 /* Debug */,
				F142F0432522A75600EB0A20 /* Release */,
			);
			defaultConfigurationIsVisible = 0;
			defaultConfigurationName = Release;
		};
		F142F0442522A75600EB0A20 /* Build configuration list for PBXNativeTarget "libhooker configurator" */ = {
			isa = XCConfigurationList;
			buildConfigurations = (
				F142F0452522A75600EB0A20 /* Debug */,
				F142F0462522A75600EB0A20 /* Release */,
			);
			defaultConfigurationIsVisible = 0;
			defaultConfigurationName = Release;
		};
/* End XCConfigurationList section */
	};
	rootObject = F142F0282522A75500EB0A20 /* Project object */;
}
