// !$*UTF8*$!
{
	archiveVersion = 1;
	classes = {
	};
	objectVersion = 50;
	objects = {

/* Begin PBXBuildFile section */
		BC3381FF25C112F60090BB3C /* Localizable.strings in Resources */ = {isa = PBXBuildFile; fileRef = BC33820125C112F60090BB3C /* Localizable.strings */; };
		E1363859261385AE00698D55 /* Main.storyboard in Resources */ = {isa = PBXBuildFile; fileRef = E1363858261385AD00698D55 /* Main.storyboard */; };
		E136385F2613870F00698D55 /* RootTableViewController.swift in Sources */ = {isa = PBXBuildFile; fileRef = E136385E2613870F00698D55 /* RootTableViewController.swift */; };
		E13638642613881D00698D55 /* CellsCollection.swift in Sources */ = {isa = PBXBuildFile; fileRef = E13638632613881D00698D55 /* CellsCollection.swift */; };
		E13638682613885B00698D55 /* UserDefaults+Optional.swift in Sources */ = {isa = PBXBuildFile; fileRef = E13638672613885B00698D55 /* UserDefaults+Optional.swift */; };
		E136386C2613A13900698D55 /* ConfigViewController.swift in Sources */ = {isa = PBXBuildFile; fileRef = E136386B2613A13900698D55 /* ConfigViewController.swift */; };
		E13638752613C17200698D55 /* LaunchServiceListView.swift in Sources */ = {isa = PBXBuildFile; fileRef = E13638742613C17200698D55 /* LaunchServiceListView.swift */; };
		E13638792613C82B00698D55 /* TweakCompatibilityList.swift in Sources */ = {isa = PBXBuildFile; fileRef = E13638782613C82B00698D55 /* TweakCompatibilityList.swift */; };
		E13638802613D33100698D55 /* ThemeManager.swift in Sources */ = {isa = PBXBuildFile; fileRef = E136387F2613D33100698D55 /* ThemeManager.swift */; };
		F110FFEE25C61EBC00658679 /* String+LocalizedHelpers.swift in Sources */ = {isa = PBXBuildFile; fileRef = F110FFED25C61EBC00658679 /* String+LocalizedHelpers.swift */; };
		F142F0342522A75500EB0A20 /* AppDelegate.swift in Sources */ = {isa = PBXBuildFile; fileRef = F142F0332522A75500EB0A20 /* AppDelegate.swift */; };
		F142F03A2522A75600EB0A20 /* Assets.xcassets in Resources */ = {isa = PBXBuildFile; fileRef = F142F0392522A75600EB0A20 /* Assets.xcassets */; };
		F142F0402522A75600EB0A20 /* LaunchScreen.storyboard in Resources */ = {isa = PBXBuildFile; fileRef = F142F03E2522A75600EB0A20 /* LaunchScreen.storyboard */; };
		F16EE71725BFC8AE006FF2E6 /* launchd-list.m in Sources */ = {isa = PBXBuildFile; fileRef = F16EE71625BFC8AE006FF2E6 /* launchd-list.m */; };
		F16EE71925BFDDBB006FF2E6 /* CoreServices.m in Sources */ = {isa = PBXBuildFile; fileRef = F16EE71825BFDDBB006FF2E6 /* CoreServices.m */; };
		F16EE72025C01110006FF2E6 /* Actions.swift in Sources */ = {isa = PBXBuildFile; fileRef = F16EE71F25C01110006FF2E6 /* Actions.swift */; };
		F16EE73025C02154006FF2E6 /* Package.swift in Sources */ = {isa = PBXBuildFile; fileRef = F16EE72725C02154006FF2E6 /* Package.swift */; };
		F16EE73125C02154006FF2E6 /* String-TrimLeadingWhitespace.swift in Sources */ = {isa = PBXBuildFile; fileRef = F16EE72925C02154006FF2E6 /* String-TrimLeadingWhitespace.swift */; };
		F16EE73225C02154006FF2E6 /* PackageListManager.swift in Sources */ = {isa = PBXBuildFile; fileRef = F16EE72B25C02154006FF2E6 /* PackageListManager.swift */; };
		F16EE73325C02154006FF2E6 /* ControlFileParser.swift in Sources */ = {isa = PBXBuildFile; fileRef = F16EE72D25C02154006FF2E6 /* ControlFileParser.swift */; };
		F16EE73425C02154006FF2E6 /* DpkgWrapper.swift in Sources */ = {isa = PBXBuildFile; fileRef = F16EE72F25C02154006FF2E6 /* DpkgWrapper.swift */; };
		F16EE73A25C037E0006FF2E6 /* mountData.c in Sources */ = {isa = PBXBuildFile; fileRef = F16EE73925C037E0006FF2E6 /* mountData.c */; };
		F16EE73F25C0EF6B006FF2E6 /* LHUserDefaults.swift in Sources */ = {isa = PBXBuildFile; fileRef = F16EE73E25C0EF6B006FF2E6 /* LHUserDefaults.swift */; };
		F1F0FD33253F6B77001F20EF /* DeviceInfo.swift in Sources */ = {isa = PBXBuildFile; fileRef = F1F0FD32253F6B77001F20EF /* DeviceInfo.swift */; };
/* End PBXBuildFile section */

/* Begin PBXFileReference section */
		71963F6D2620E3050074D9A9 /* fr */ = {isa = PBXFileReference; lastKnownFileType = text.plist.strings; name = fr; path = fr.lproj/Localizable.strings; sourceTree = "<group>"; };
		BC33820025C112F60090BB3C /* en */ = {isa = PBXFileReference; lastKnownFileType = text.plist.strings; name = en; path = en.lproj/Localizable.strings; sourceTree = "<group>"; };
		BC33820625C1134B0090BB3C /* zh-Hant */ = {isa = PBXFileReference; lastKnownFileType = text.plist.strings; name = "zh-Hant"; path = "zh-Hant.lproj/Localizable.strings"; sourceTree = "<group>"; };
		BC33820925C1258D0090BB3C /* zh-Hans */ = {isa = PBXFileReference; lastKnownFileType = text.plist.strings; name = "zh-Hans"; path = "zh-Hans.lproj/Localizable.strings"; sourceTree = "<group>"; };
		E1363858261385AD00698D55 /* Main.storyboard */ = {isa = PBXFileReference; lastKnownFileType = file.storyboard; path = Main.storyboard; sourceTree = "<group>"; };
		E136385E2613870F00698D55 /* RootTableViewController.swift */ = {isa = PBXFileReference; lastKnownFileType = sourcecode.swift; path = RootTableViewController.swift; sourceTree = "<group>"; };
		E13638632613881D00698D55 /* CellsCollection.swift */ = {isa = PBXFileReference; fileEncoding = 4; lastKnownFileType = sourcecode.swift; path = CellsCollection.swift; sourceTree = "<group>"; };
		E13638672613885B00698D55 /* UserDefaults+Optional.swift */ = {isa = PBXFileReference; fileEncoding = 4; lastKnownFileType = sourcecode.swift; path = "UserDefaults+Optional.swift"; sourceTree = "<group>"; };
		E136386B2613A13900698D55 /* ConfigViewController.swift */ = {isa = PBXFileReference; lastKnownFileType = sourcecode.swift; path = ConfigViewController.swift; sourceTree = "<group>"; };
		E13638742613C17200698D55 /* LaunchServiceListView.swift */ = {isa = PBXFileReference; lastKnownFileType = sourcecode.swift; path = LaunchServiceListView.swift; sourceTree = "<group>"; };
		E13638782613C82B00698D55 /* TweakCompatibilityList.swift */ = {isa = PBXFileReference; lastKnownFileType = sourcecode.swift; path = TweakCompatibilityList.swift; sourceTree = "<group>"; };
		E136387F2613D33100698D55 /* ThemeManager.swift */ = {isa = PBXFileReference; lastKnownFileType = sourcecode.swift; path = ThemeManager.swift; sourceTree = "<group>"; };
		F110FFED25C61EBC00658679 /* String+LocalizedHelpers.swift */ = {isa = PBXFileReference; lastKnownFileType = sourcecode.swift; path = "String+LocalizedHelpers.swift"; sourceTree = "<group>"; };
		F142F0302522A75500EB0A20 /* libhooker.app */ = {isa = PBXFileReference; explicitFileType = wrapper.application; includeInIndex = 0; path = libhooker.app; sourceTree = BUILT_PRODUCTS_DIR; };
		F142F0332522A75500EB0A20 /* AppDelegate.swift */ = {isa = PBXFileReference; lastKnownFileType = sourcecode.swift; path = AppDelegate.swift; sourceTree = "<group>"; };
		F142F0392522A75600EB0A20 /* Assets.xcassets */ = {isa = PBXFileReference; lastKnownFileType = folder.assetcatalog; path = Assets.xcassets; sourceTree = "<group>"; };
		F142F03F2522A75600EB0A20 /* Base */ = {isa = PBXFileReference; lastKnownFileType = file.storyboard; name = Base; path = Base.lproj/LaunchScreen.storyboard; sourceTree = "<group>"; };
		F142F0412522A75600EB0A20 /* Info.plist */ = {isa = PBXFileReference; lastKnownFileType = text.plist.xml; path = Info.plist; sourceTree = "<group>"; };
		F16EE71425BFC8AD006FF2E6 /* libhooker configurator-Bridging-Header.h */ = {isa = PBXFileReference; lastKnownFileType = sourcecode.c.h; path = "libhooker configurator-Bridging-Header.h"; sourceTree = "<group>"; };
		F16EE71525BFC8AE006FF2E6 /* launchd-list.h */ = {isa = PBXFileReference; lastKnownFileType = sourcecode.c.h; path = "launchd-list.h"; sourceTree = "<group>"; };
		F16EE71625BFC8AE006FF2E6 /* launchd-list.m */ = {isa = PBXFileReference; lastKnownFileType = sourcecode.c.objc; path = "launchd-list.m"; sourceTree = "<group>"; };
		F16EE71825BFDDBB006FF2E6 /* CoreServices.m */ = {isa = PBXFileReference; lastKnownFileType = sourcecode.c.objc; path = CoreServices.m; sourceTree = "<group>"; };
		F16EE71A25BFDDCA006FF2E6 /* CoreServices.h */ = {isa = PBXFileReference; lastKnownFileType = sourcecode.c.h; path = CoreServices.h; sourceTree = "<group>"; };
		F16EE71F25C01110006FF2E6 /* Actions.swift */ = {isa = PBXFileReference; lastKnownFileType = sourcecode.swift; path = Actions.swift; sourceTree = "<group>"; };
		F16EE72725C02154006FF2E6 /* Package.swift */ = {isa = PBXFileReference; fileEncoding = 4; lastKnownFileType = sourcecode.swift; path = Package.swift; sourceTree = "<group>"; };
		F16EE72925C02154006FF2E6 /* String-TrimLeadingWhitespace.swift */ = {isa = PBXFileReference; fileEncoding = 4; lastKnownFileType = sourcecode.swift; path = "String-TrimLeadingWhitespace.swift"; sourceTree = "<group>"; };
		F16EE72B25C02154006FF2E6 /* PackageListManager.swift */ = {isa = PBXFileReference; fileEncoding = 4; lastKnownFileType = sourcecode.swift; path = PackageListManager.swift; sourceTree = "<group>"; };
		F16EE72D25C02154006FF2E6 /* ControlFileParser.swift */ = {isa = PBXFileReference; fileEncoding = 4; lastKnownFileType = sourcecode.swift; path = ControlFileParser.swift; sourceTree = "<group>"; };
		F16EE72F25C02154006FF2E6 /* DpkgWrapper.swift */ = {isa = PBXFileReference; fileEncoding = 4; lastKnownFileType = sourcecode.swift; path = DpkgWrapper.swift; sourceTree = "<group>"; };
		F16EE73825C037E0006FF2E6 /* mountData.h */ = {isa = PBXFileReference; lastKnownFileType = sourcecode.c.h; path = mountData.h; sourceTree = "<group>"; };
		F16EE73925C037E0006FF2E6 /* mountData.c */ = {isa = PBXFileReference; lastKnownFileType = sourcecode.c.c; path = mountData.c; sourceTree = "<group>"; };
		F16EE73E25C0EF6B006FF2E6 /* LHUserDefaults.swift */ = {isa = PBXFileReference; lastKnownFileType = sourcecode.swift; path = LHUserDefaults.swift; sourceTree = "<group>"; };
		F1F0FD32253F6B77001F20EF /* DeviceInfo.swift */ = {isa = PBXFileReference; lastKnownFileType = sourcecode.swift; path = DeviceInfo.swift; sourceTree = "<group>"; };
/* End PBXFileReference section */

/* Begin PBXFrameworksBuildPhase section */
		F142F02D2522A75500EB0A20 /* Frameworks */ = {
			isa = PBXFrameworksBuildPhase;
			buildActionMask = 2147483647;
			files = (
			);
			runOnlyForDeploymentPostprocessing = 0;
		};
/* End PBXFrameworksBuildPhase section */

/* Begin PBXGroup section */
		E1363862261387F900698D55 /* Table View Cells */ = {
			isa = PBXGroup;
			children = (
				E13638632613881D00698D55 /* CellsCollection.swift */,
			);
			path = "Table View Cells";
			sourceTree = "<group>";
		};
		E13638662613884D00698D55 /* Contrib */ = {
			isa = PBXGroup;
			children = (
				E13638672613885B00698D55 /* UserDefaults+Optional.swift */,
				F110FFED25C61EBC00658679 /* String+LocalizedHelpers.swift */,
			);
			path = Contrib;
			sourceTree = "<group>";
		};
		F142F0272522A75500EB0A20 = {
			isa = PBXGroup;
			children = (
				F142F0322522A75500EB0A20 /* libhooker configurator */,
				F142F0312522A75500EB0A20 /* Products */,
			);
			sourceTree = "<group>";
		};
		F142F0312522A75500EB0A20 /* Products */ = {
			isa = PBXGroup;
			children = (
				F142F0302522A75500EB0A20 /* libhooker.app */,
			);
			name = Products;
			sourceTree = "<group>";
		};
		F142F0322522A75500EB0A20 /* libhooker configurator */ = {
			isa = PBXGroup;
			children = (
				F16EE72525C02154006FF2E6 /* Sileo Backend */,
				F16EE71E25C01103006FF2E6 /* Backend-Actions */,
				F16EE71325BFC896006FF2E6 /* Data Providers */,
				F1F0FD31253F6B6C001F20EF /* Configs */,
				F142F0332522A75500EB0A20 /* AppDelegate.swift */,
				F1F0FD30253F6B63001F20EF /* UI */,
				F16EE71425BFC8AD006FF2E6 /* libhooker configurator-Bridging-Header.h */,
				F142F0392522A75600EB0A20 /* Assets.xcassets */,
				E1363858261385AD00698D55 /* Main.storyboard */,
				F142F03E2522A75600EB0A20 /* LaunchScreen.storyboard */,
				F142F0412522A75600EB0A20 /* Info.plist */,
			);
			path = "libhooker configurator";
			sourceTree = "<group>";
		};
		F16EE71325BFC896006FF2E6 /* Data Providers */ = {
			isa = PBXGroup;
			children = (
				F16EE73B25C0EE35006FF2E6 /* launchd */,
				F16EE73C25C0EE41006FF2E6 /* CoreServices */,
				F16EE73D25C0EE48006FF2E6 /* mounts */,
			);
			path = "Data Providers";
			sourceTree = "<group>";
		};
		F16EE71E25C01103006FF2E6 /* Backend-Actions */ = {
			isa = PBXGroup;
			children = (
				F16EE71F25C01110006FF2E6 /* Actions.swift */,
			);
			path = "Backend-Actions";
			sourceTree = "<group>";
		};
		F16EE72525C02154006FF2E6 /* Sileo Backend */ = {
			isa = PBXGroup;
			children = (
				F16EE72625C02154006FF2E6 /* Objects */,
				F16EE72825C02154006FF2E6 /* Extensions */,
				F16EE72A25C02154006FF2E6 /* Package Manager */,
				F16EE72C25C02154006FF2E6 /* Control File Parser */,
				F16EE72E25C02154006FF2E6 /* DPKG Wrapper */,
			);
			path = "Sileo Backend";
			sourceTree = "<group>";
		};
		F16EE72625C02154006FF2E6 /* Objects */ = {
			isa = PBXGroup;
			children = (
				F16EE72725C02154006FF2E6 /* Package.swift */,
			);
			path = Objects;
			sourceTree = "<group>";
		};
		F16EE72825C02154006FF2E6 /* Extensions */ = {
			isa = PBXGroup;
			children = (
				F16EE72925C02154006FF2E6 /* String-TrimLeadingWhitespace.swift */,
			);
			path = Extensions;
			sourceTree = "<group>";
		};
		F16EE72A25C02154006FF2E6 /* Package Manager */ = {
			isa = PBXGroup;
			children = (
				F16EE72B25C02154006FF2E6 /* PackageListManager.swift */,
			);
			path = "Package Manager";
			sourceTree = "<group>";
		};
		F16EE72C25C02154006FF2E6 /* Control File Parser */ = {
			isa = PBXGroup;
			children = (
				F16EE72D25C02154006FF2E6 /* ControlFileParser.swift */,
			);
			path = "Control File Parser";
			sourceTree = "<group>";
		};
		F16EE72E25C02154006FF2E6 /* DPKG Wrapper */ = {
			isa = PBXGroup;
			children = (
				F16EE72F25C02154006FF2E6 /* DpkgWrapper.swift */,
			);
			path = "DPKG Wrapper";
			sourceTree = "<group>";
		};
		F16EE73B25C0EE35006FF2E6 /* launchd */ = {
			isa = PBXGroup;
			children = (
				F16EE71525BFC8AE006FF2E6 /* launchd-list.h */,
				F16EE71625BFC8AE006FF2E6 /* launchd-list.m */,
			);
			path = launchd;
			sourceTree = "<group>";
		};
		F16EE73C25C0EE41006FF2E6 /* CoreServices */ = {
			isa = PBXGroup;
			children = (
				F16EE71A25BFDDCA006FF2E6 /* CoreServices.h */,
				F16EE71825BFDDBB006FF2E6 /* CoreServices.m */,
			);
			path = CoreServices;
			sourceTree = "<group>";
		};
		F16EE73D25C0EE48006FF2E6 /* mounts */ = {
			isa = PBXGroup;
			children = (
				F16EE73825C037E0006FF2E6 /* mountData.h */,
				F16EE73925C037E0006FF2E6 /* mountData.c */,
			);
			path = mounts;
			sourceTree = "<group>";
		};
		F1F0FD30253F6B63001F20EF /* UI */ = {
			isa = PBXGroup;
			children = (
				E13638662613884D00698D55 /* Contrib */,
				E1363862261387F900698D55 /* Table View Cells */,
				BC33820125C112F60090BB3C /* Localizable.strings */,
				E136385E2613870F00698D55 /* RootTableViewController.swift */,
				E136386B2613A13900698D55 /* ConfigViewController.swift */,
				E13638742613C17200698D55 /* LaunchServiceListView.swift */,
				E13638782613C82B00698D55 /* TweakCompatibilityList.swift */,
				E136387F2613D33100698D55 /* ThemeManager.swift */,
			);
			path = UI;
			sourceTree = "<group>";
		};
		F1F0FD31253F6B6C001F20EF /* Configs */ = {
			isa = PBXGroup;
			children = (
				F1F0FD32253F6B77001F20EF /* DeviceInfo.swift */,
				F16EE73E25C0EF6B006FF2E6 /* LHUserDefaults.swift */,
			);
			path = Configs;
			sourceTree = "<group>";
		};
/* End PBXGroup section */

/* Begin PBXNativeTarget section */
		F142F02F2522A75500EB0A20 /* libhooker configurator */ = {
			isa = PBXNativeTarget;
			buildConfigurationList = F142F0442522A75600EB0A20 /* Build configuration list for PBXNativeTarget "libhooker configurator" */;
			buildPhases = (
				F142F02C2522A75500EB0A20 /* Sources */,
				F142F02D2522A75500EB0A20 /* Frameworks */,
				F142F02E2522A75500EB0A20 /* Resources */,
				F1282B10255A02A30050043B /* ShellScript */,
			);
			buildRules = (
			);
			dependencies = (
			);
			name = "libhooker configurator";
			productName = "libhooker configurator";
			productReference = F142F0302522A75500EB0A20 /* libhooker.app */;
			productType = "com.apple.product-type.application";
		};
/* End PBXNativeTarget section */

/* Begin PBXProject section */
		F142F0282522A75500EB0A20 /* Project object */ = {
			isa = PBXProject;
			attributes = {
				LastSwiftUpdateCheck = 1150;
				LastUpgradeCheck = 1150;
				ORGANIZATIONNAME = coolstar;
				TargetAttributes = {
					F142F02F2522A75500EB0A20 = {
						CreatedOnToolsVersion = 11.5;
						LastSwiftMigration = 1170;
					};
				};
			};
			buildConfigurationList = F142F02B2522A75500EB0A20 /* Build configuration list for PBXProject "libhooker configurator" */;
			compatibilityVersion = "Xcode 9.3";
			developmentRegion = en;
			hasScannedForEncodings = 0;
			knownRegions = (
				en,
				Base,
				"zh-Hant",
				"zh-Hans",
				fr,
			);
			mainGroup = F142F0272522A75500EB0A20;
			productRefGroup = F142F0312522A75500EB0A20 /* Products */;
			projectDirPath = "";
			projectRoot = "";
			targets = (
				F142F02F2522A75500EB0A20 /* libhooker configurator */,
			);
		};
/* End PBXProject section */

/* Begin PBXResourcesBuildPhase section */
		F142F02E2522A75500EB0A20 /* Resources */ = {
			isa = PBXResourcesBuildPhase;
			buildActionMask = 2147483647;
			files = (
				F142F0402522A75600EB0A20 /* LaunchScreen.storyboard in Resources */,
				E1363859261385AE00698D55 /* Main.storyboard in Resources */,
				BC3381FF25C112F60090BB3C /* Localizable.strings in Resources */,
				F142F03A2522A75600EB0A20 /* Assets.xcassets in Resources */,
			);
			runOnlyForDeploymentPostprocessing = 0;
		};
/* End PBXResourcesBuildPhase section */

/* Begin PBXShellScriptBuildPhase section */
		F1282B10255A02A30050043B /* ShellScript */ = {
			isa = PBXShellScriptBuildPhase;
			buildActionMask = 2147483647;
			files = (
			);
			inputFileListPaths = (
			);
			inputPaths = (
			);
			outputFileListPaths = (
			);
			outputPaths = (
			);
			runOnlyForDeploymentPostprocessing = 0;
			shellPath = /bin/sh;
			shellScript = "if which swiftlint >/dev/null; then\n  swiftlint || true\nelse\n  echo \"warning: SwiftLint not installed, download from https://github.com/realm/SwiftLint\"\nfi\n";
		};
/* End PBXShellScriptBuildPhase section */

/* Begin PBXSourcesBuildPhase section */
		F142F02C2522A75500EB0A20 /* Sources */ = {
			isa = PBXSourcesBuildPhase;
			buildActionMask = 2147483647;
			files = (
				E136386C2613A13900698D55 /* ConfigViewController.swift in Sources */,
				E13638682613885B00698D55 /* UserDefaults+Optional.swift in Sources */,
				F16EE73325C02154006FF2E6 /* ControlFileParser.swift in Sources */,
				F16EE73A25C037E0006FF2E6 /* mountData.c in Sources */,
				F16EE73125C02154006FF2E6 /* String-TrimLeadingWhitespace.swift in Sources */,
				F16EE73425C02154006FF2E6 /* DpkgWrapper.swift in Sources */,
				E13638792613C82B00698D55 /* TweakCompatibilityList.swift in Sources */,
				E13638802613D33100698D55 /* ThemeManager.swift in Sources */,
				F1F0FD33253F6B77001F20EF /* DeviceInfo.swift in Sources */,
				F142F0342522A75500EB0A20 /* AppDelegate.swift in Sources */,
				E136385F2613870F00698D55 /* RootTableViewController.swift in Sources */,
				F110FFEE25C61EBC00658679 /* String+LocalizedHelpers.swift in Sources */,
				F16EE72025C01110006FF2E6 /* Actions.swift in Sources */,
				F16EE73F25C0EF6B006FF2E6 /* LHUserDefaults.swift in Sources */,
				E13638642613881D00698D55 /* CellsCollection.swift in Sources */,
				E13638752613C17200698D55 /* LaunchServiceListView.swift in Sources */,
				F16EE71725BFC8AE006FF2E6 /* launchd-list.m in Sources */,
				F16EE71925BFDDBB006FF2E6 /* CoreServices.m in Sources */,
				F16EE73025C02154006FF2E6 /* Package.swift in Sources */,
				F16EE73225C02154006FF2E6 /* PackageListManager.swift in Sources */,
			);
			runOnlyForDeploymentPostprocessing = 0;
		};
/* End PBXSourcesBuildPhase section */

/* Begin PBXVariantGroup section */
		BC33820125C112F60090BB3C /* Localizable.strings */ = {
			isa = PBXVariantGroup;
			children = (
				BC33820025C112F60090BB3C /* en */,
				BC33820625C1134B0090BB3C /* zh-Hant */,
				BC33820925C1258D0090BB3C /* zh-Hans */,
				71963F6D2620E3050074D9A9 /* fr */,
			);
			name = Localizable.strings;
			sourceTree = "<group>";
		};
		F142F03E2522A75600EB0A20 /* LaunchScreen.storyboard */ = {
			isa = PBXVariantGroup;
			children = (
				F142F03F2522A75600EB0A20 /* Base */,
			);
			name = LaunchScreen.storyboard;
			sourceTree = "<group>";
		};
/* End PBXVariantGroup section */

/* Begin XCBuildConfiguration section */
		F142F0422522A75600EB0A20 /* Debug */ = {
			isa = XCBuildConfiguration;
			buildSettings = {
				ALWAYS_SEARCH_USER_PATHS = NO;
				CLANG_ANALYZER_LOCALIZABILITY_NONLOCALIZED = YES;
				CLANG_ANALYZER_NONNULL = YES;
				CLANG_ANALYZER_NUMBER_OBJECT_CONVERSION = YES_AGGRESSIVE;
				CLANG_CXX_LANGUAGE_STANDARD = "gnu++14";
				CLANG_CXX_LIBRARY = "libc++";
				CLANG_ENABLE_MODULES = YES;
				CLANG_ENABLE_OBJC_ARC = YES;
				CLANG_ENABLE_OBJC_WEAK = YES;
				CLANG_WARN_BLOCK_CAPTURE_AUTORELEASING = YES;
				CLANG_WARN_BOOL_CONVERSION = YES;
				CLANG_WARN_COMMA = YES;
				CLANG_WARN_CONSTANT_CONVERSION = YES;
				CLANG_WARN_DEPRECATED_OBJC_IMPLEMENTATIONS = YES;
				CLANG_WARN_DIRECT_OBJC_ISA_USAGE = YES_ERROR;
				CLANG_WARN_DOCUMENTATION_COMMENTS = YES;
				CLANG_WARN_EMPTY_BODY = YES;
				CLANG_WARN_ENUM_CONVERSION = YES;
				CLANG_WARN_INFINITE_RECURSION = YES;
				CLANG_WARN_INT_CONVERSION = YES;
				CLANG_WARN_NON_LITERAL_NULL_CONVERSION = YES;
				CLANG_WARN_OBJC_IMPLICIT_RETAIN_SELF = YES;
				CLANG_WARN_OBJC_LITERAL_CONVERSION = YES;
				CLANG_WARN_OBJC_ROOT_CLASS = YES_ERROR;
				CLANG_WARN_RANGE_LOOP_ANALYSIS = YES;
				CLANG_WARN_STRICT_PROTOTYPES = YES;
				CLANG_WARN_SUSPICIOUS_MOVE = YES;
				CLANG_WARN_UNGUARDED_AVAILABILITY = YES_AGGRESSIVE;
				CLANG_WARN_UNREACHABLE_CODE = YES;
				CLANG_WARN__DUPLICATE_METHOD_MATCH = YES;
				COPY_PHASE_STRIP = NO;
				DEBUG_INFORMATION_FORMAT = dwarf;
				ENABLE_BITCODE = NO;
				ENABLE_STRICT_OBJC_MSGSEND = YES;
				ENABLE_TESTABILITY = YES;
				GCC_C_LANGUAGE_STANDARD = gnu11;
				GCC_DYNAMIC_NO_PIC = NO;
				GCC_NO_COMMON_BLOCKS = YES;
				GCC_OPTIMIZATION_LEVEL = 0;
				GCC_PREPROCESSOR_DEFINITIONS = (
					"DEBUG=1",
					"$(inherited)",
				);
				GCC_WARN_64_TO_32_BIT_CONVERSION = YES;
				GCC_WARN_ABOUT_RETURN_TYPE = YES_ERROR;
				GCC_WARN_UNDECLARED_SELECTOR = YES;
				GCC_WARN_UNINITIALIZED_AUTOS = YES_AGGRESSIVE;
				GCC_WARN_UNUSED_FUNCTION = YES;
				GCC_WARN_UNUSED_VARIABLE = YES;
				IPHONEOS_DEPLOYMENT_TARGET = 12.0;
				MTL_ENABLE_DEBUG_INFO = INCLUDE_SOURCE;
				MTL_FAST_MATH = YES;
				ONLY_ACTIVE_ARCH = YES;
				SDKROOT = iphoneos;
				SWIFT_ACTIVE_COMPILATION_CONDITIONS = DEBUG;
				SWIFT_OPTIMIZATION_LEVEL = "-Onone";
			};
			name = Debug;
		};
		F142F0432522A75600EB0A20 /* Release */ = {
			isa = XCBuildConfiguration;
			buildSettings = {
				ALWAYS_SEARCH_USER_PATHS = NO;
				CLANG_ANALYZER_LOCALIZABILITY_NONLOCALIZED = YES;
				CLANG_ANALYZER_NONNULL = YES;
				CLANG_ANALYZER_NUMBER_OBJECT_CONVERSION = YES_AGGRESSIVE;
				CLANG_CXX_LANGUAGE_STANDARD = "gnu++14";
				CLANG_CXX_LIBRARY = "libc++";
				CLANG_ENABLE_MODULES = YES;
				CLANG_ENABLE_OBJC_ARC = YES;
				CLANG_ENABLE_OBJC_WEAK = YES;
				CLANG_WARN_BLOCK_CAPTURE_AUTORELEASING = YES;
				CLANG_WARN_BOOL_CONVERSION = YES;
				CLANG_WARN_COMMA = YES;
				CLANG_WARN_CONSTANT_CONVERSION = YES;
				CLANG_WARN_DEPRECATED_OBJC_IMPLEMENTATIONS = YES;
				CLANG_WARN_DIRECT_OBJC_ISA_USAGE = YES_ERROR;
				CLANG_WARN_DOCUMENTATION_COMMENTS = YES;
				CLANG_WARN_EMPTY_BODY = YES;
				CLANG_WARN_ENUM_CONVERSION = YES;
				CLANG_WARN_INFINITE_RECURSION = YES;
				CLANG_WARN_INT_CONVERSION = YES;
				CLANG_WARN_NON_LITERAL_NULL_CONVERSION = YES;
				CLANG_WARN_OBJC_IMPLICIT_RETAIN_SELF = YES;
				CLANG_WARN_OBJC_LITERAL_CONVERSION = YES;
				CLANG_WARN_OBJC_ROOT_CLASS = YES_ERROR;
				CLANG_WARN_RANGE_LOOP_ANALYSIS = YES;
				CLANG_WARN_STRICT_PROTOTYPES = YES;
				CLANG_WARN_SUSPICIOUS_MOVE = YES;
				CLANG_WARN_UNGUARDED_AVAILABILITY = YES_AGGRESSIVE;
				CLANG_WARN_UNREACHABLE_CODE = YES;
				CLANG_WARN__DUPLICATE_METHOD_MATCH = YES;
				COPY_PHASE_STRIP = NO;
				DEBUG_INFORMATION_FORMAT = "dwarf-with-dsym";
				ENABLE_BITCODE = NO;
				ENABLE_NS_ASSERTIONS = NO;
				ENABLE_STRICT_OBJC_MSGSEND = YES;
				GCC_C_LANGUAGE_STANDARD = gnu11;
				GCC_NO_COMMON_BLOCKS = YES;
				GCC_WARN_64_TO_32_BIT_CONVERSION = YES;
				GCC_WARN_ABOUT_RETURN_TYPE = YES_ERROR;
				GCC_WARN_UNDECLARED_SELECTOR = YES;
				GCC_WARN_UNINITIALIZED_AUTOS = YES_AGGRESSIVE;
				GCC_WARN_UNUSED_FUNCTION = YES;
				GCC_WARN_UNUSED_VARIABLE = YES;
				IPHONEOS_DEPLOYMENT_TARGET = 12.0;
				MTL_ENABLE_DEBUG_INFO = NO;
				MTL_FAST_MATH = YES;
				SDKROOT = iphoneos;
				SWIFT_COMPILATION_MODE = wholemodule;
				SWIFT_OPTIMIZATION_LEVEL = "-O";
				VALIDATE_PRODUCT = YES;
			};
			name = Release;
		};
		F142F0452522A75600EB0A20 /* Debug */ = {
			isa = XCBuildConfiguration;
			buildSettings = {
				ASSETCATALOG_COMPILER_APPICON_NAME = AppIcon;
				CLANG_ENABLE_MODULES = YES;
				CODE_SIGN_STYLE = Automatic;
				DEVELOPMENT_ASSET_PATHS = "";
				DEVELOPMENT_TEAM = "";
				ENABLE_PREVIEWS = YES;
				HEADER_SEARCH_PATHS = "\"$(SRCROOT)/apple_include\"";
				INFOPLIST_FILE = "libhooker configurator/Info.plist";
				IPHONEOS_DEPLOYMENT_TARGET = 12.0;
				LD_RUNPATH_SEARCH_PATHS = (
					"$(inherited)",
					"@executable_path/Frameworks",
					/usr/lib/libswift/stable,
				);
				MARKETING_VERSION = 1.3;
				PRODUCT_BUNDLE_IDENTIFIER = "org.coolstar.libhooker-configurator";
				PRODUCT_NAME = libhooker;
				SWIFT_OBJC_BRIDGING_HEADER = "libhooker configurator/libhooker configurator-Bridging-Header.h";
				SWIFT_OPTIMIZATION_LEVEL = "-Onone";
				SWIFT_VERSION = 5.0;
				TARGETED_DEVICE_FAMILY = "1,2";
			};
			name = Debug;
		};
		F142F0462522A75600EB0A20 /* Release */ = {
			isa = XCBuildConfiguration;
			buildSettings = {
				ASSETCATALOG_COMPILER_APPICON_NAME = AppIcon;
				CLANG_ENABLE_MODULES = YES;
				CODE_SIGN_STYLE = Automatic;
				DEVELOPMENT_ASSET_PATHS = "";
				DEVELOPMENT_TEAM = "";
				ENABLE_PREVIEWS = YES;
				HEADER_SEARCH_PATHS = "\"$(SRCROOT)/apple_include\"";
				INFOPLIST_FILE = "libhooker configurator/Info.plist";
				IPHONEOS_DEPLOYMENT_TARGET = 12.0;
				LD_RUNPATH_SEARCH_PATHS = (
					"$(inherited)",
					"@executable_path/Frameworks",
					/usr/lib/libswift/stable,
				);
				MARKETING_VERSION = 1.3;
				PRODUCT_BUNDLE_IDENTIFIER = "org.coolstar.libhooker-configurator";
				PRODUCT_NAME = libhooker;
				SWIFT_OBJC_BRIDGING_HEADER = "libhooker configurator/libhooker configurator-Bridging-Header.h";
				SWIFT_VERSION = 5.0;
				TARGETED_DEVICE_FAMILY = "1,2";
			};
			name = Release;
		};
/* End XCBuildConfiguration section */

/* Begin XCConfigurationList section */
		F142F02B2522A75500EB0A20 /* Build configuration list for PBXProject "libhooker configurator" */ = {
			isa = XCConfigurationList;
			buildConfigurations = (
				F142F0422522A75600EB0A20 /* Debug */,
				F142F0432522A75600EB0A20 /* Release */,
			);
			defaultConfigurationIsVisible = 0;
			defaultConfigurationName = Release;
		};
		F142F0442522A75600EB0A20 /* Build configuration list for PBXNativeTarget "libhooker configurator" */ = {
			isa = XCConfigurationList;
			buildConfigurations = (
				F142F0452522A75600EB0A20 /* Debug */,
				F142F0462522A75600EB0A20 /* Release */,
			);
			defaultConfigurationIsVisible = 0;
			defaultConfigurationName = Release;
		};
/* End XCConfigurationList section */
	};
	rootObject = F142F0282522A75500EB0A20 /* Project object */;
}
